
Microsoft Visual Studio Solution File, Format Version 12.00
# Visual Studio Version 17
VisualStudioVersion = 17.0.31903.59
MinimumVisualStudioVersion = 10.0.40219.1
Project("{FAE04EC0-301F-11D3-BF4B-00C04F79EFBC}") = "WinExtractor", "WinExtractor.csproj", "{52704818-0627-460C-A8E4-61CA01A813C2}"
EndProject
Global
	GlobalSection(SolutionConfigurationPlatforms) = preSolution
		Debug|Any CPU = Debug|Any CPU
		Release|Any CPU = Release|Any CPU
	EndGlobalSection
	GlobalSection(ProjectConfigurationPlatforms) = postSolution
		{52704818-0627-460C-A8E4-61CA01A813C2}.Debug|Any CPU.ActiveCfg = Debug|Any CPU
		{52704818-0627-460C-A8E4-61CA01A813C2}.Debug|Any CPU.Build.0 = Debug|Any CPU
		{52704818-0627-460C-A8E4-61CA01A813C2}.Release|Any CPU.ActiveCfg = Release|Any CPU
		{52704818-0627-460C-A8E4-61CA01A813C2}.Release|Any CPU.Build.0 = Release|Any CPU
	EndGlobalSection
	GlobalSection(SolutionProperties) = preSolution
		HideSolutionNode = FALSE
	EndGlobalSection
	GlobalSection(ExtensibilityGlobals) = postSolution
		SolutionGuid = {72054833-F712-4EA4-897D-A545148A85E9}
	EndGlobalSection
EndGlobal
